// !$*UTF8*$!
{
	archiveVersion = 1;
	classes = {
	};
	objectVersion = 60;
	objects = {

/* Begin PBXBuildFile section */
		2D3574FF2B571FD700449881 /* BluesnapSDK in Frameworks */ = {isa = PBXBuildFile; productRef = 2D3574FE2B571FD700449881 /* BluesnapSDK */; };
		2D3575012B571FD700449881 /* KountWrapper in Frameworks */ = {isa = PBXBuildFile; productRef = 2D3575002B571FD700449881 /* KountWrapper */; };
		2DA0E8772BE7C82F008E9F08 /* PrivacyInfo.xcprivacy in Resources */ = {isa = PBXBuildFile; fileRef = 2DA0E8762BE7C82F008E9F08 /* PrivacyInfo.xcprivacy */; };
		2DA0E8782BE7C82F008E9F08 /* PrivacyInfo.xcprivacy in Resources */ = {isa = PBXBuildFile; fileRef = 2DA0E8762BE7C82F008E9F08 /* PrivacyInfo.xcprivacy */; };
		5956C89B2A0BAEF60077B5F3 /* credentials.plist in Resources */ = {isa = PBXBuildFile; fileRef = 5956C89A2A0BAEF60077B5F3 /* credentials.plist */; };
		59925CB52A1CC57600DC31E6 /* KountDataCollector.xcframework in Frameworks */ = {isa = PBXBuildFile; fileRef = 59925CB42A1CC57600DC31E6 /* KountDataCollector.xcframework */; };
		59925CB62A1CC57600DC31E6 /* KountDataCollector.xcframework in Frameworks */ = {isa = PBXBuildFile; fileRef = 59925CB42A1CC57600DC31E6 /* KountDataCollector.xcframework */; };
		599E18FB2A08F57A004AAE57 /* AppDelegate.swift in Sources */ = {isa = PBXBuildFile; fileRef = 599E18FA2A08F57A004AAE57 /* AppDelegate.swift */; };
		599E18FD2A08F57A004AAE57 /* SceneDelegate.swift in Sources */ = {isa = PBXBuildFile; fileRef = 599E18FC2A08F57A004AAE57 /* SceneDelegate.swift */; };
		599E18FF2A08F57A004AAE57 /* ViewController.swift in Sources */ = {isa = PBXBuildFile; fileRef = 599E18FE2A08F57A004AAE57 /* ViewController.swift */; };
		599E19072A08F57B004AAE57 /* LaunchScreen.storyboard in Resources */ = {isa = PBXBuildFile; fileRef = 599E19052A08F57B004AAE57 /* LaunchScreen.storyboard */; };
		599E19102A08F77E004AAE57 /* BluesnapSDK in Frameworks */ = {isa = PBXBuildFile; productRef = 599E190F2A08F77E004AAE57 /* BluesnapSDK */; settings = {ATTRIBUTES = (Required, ); }; };
		599E19122A08F77E004AAE57 /* BluesnapSDK in Embed Frameworks */ = {isa = PBXBuildFile; productRef = 599E190F2A08F77E004AAE57 /* BluesnapSDK */; settings = {ATTRIBUTES = (CodeSignOnCopy, ); }; };
		599E19172A08F905004AAE57 /* Assets.xcassets in Resources */ = {isa = PBXBuildFile; fileRef = 599E19162A08F905004AAE57 /* Assets.xcassets */; };
		599E191D2A08F976004AAE57 /* Configuration.swift in Sources */ = {isa = PBXBuildFile; fileRef = 599E191C2A08F976004AAE57 /* Configuration.swift */; };
		599E191F2A08F97E004AAE57 /* BSTestingAPIService.swift in Sources */ = {isa = PBXBuildFile; fileRef = 599E191E2A08F97E004AAE57 /* BSTestingAPIService.swift */; };
		599E19212A08F982004AAE57 /* ThankYouViewController.swift in Sources */ = {isa = PBXBuildFile; fileRef = 599E19202A08F982004AAE57 /* ThankYouViewController.swift */; };
		599E19232A08F9AA004AAE57 /* DemoAPIHelper.swift in Sources */ = {isa = PBXBuildFile; fileRef = 599E19222A08F9AA004AAE57 /* DemoAPIHelper.swift */; };
		599E19272A08FA33004AAE57 /* Main.storyboard in Resources */ = {isa = PBXBuildFile; fileRef = 599E19292A08FA33004AAE57 /* Main.storyboard */; };
		599E19582A091C92004AAE57 /* ReturningShopperFullBillingTests.swift in Sources */ = {isa = PBXBuildFile; fileRef = 599E19402A091C92004AAE57 /* ReturningShopperFullBillingTests.swift */; };
		599E19592A091C92004AAE57 /* ReturningShopperFullBillingWithShippingTests.swift in Sources */ = {isa = PBXBuildFile; fileRef = 599E19412A091C92004AAE57 /* ReturningShopperFullBillingWithShippingTests.swift */; };
		599E195A2A091C92004AAE57 /* ReturningShopperMinimalBillingTests.swift in Sources */ = {isa = PBXBuildFile; fileRef = 599E19422A091C92004AAE57 /* ReturningShopperMinimalBillingTests.swift */; };
		599E195B2A091C92004AAE57 /* CheckoutReturningShopperUITests.swift in Sources */ = {isa = PBXBuildFile; fileRef = 599E19432A091C92004AAE57 /* CheckoutReturningShopperUITests.swift */; };
		599E195C2A091C92004AAE57 /* ReturningShopperFullBillingWithEmailWithShippingTests.swift in Sources */ = {isa = PBXBuildFile; fileRef = 599E19442A091C92004AAE57 /* ReturningShopperFullBillingWithEmailWithShippingTests.swift */; };
		599E195D2A091C92004AAE57 /* ReturningShopperMinimalBillingWithEmailWithShippingTests.swift in Sources */ = {isa = PBXBuildFile; fileRef = 599E19452A091C92004AAE57 /* ReturningShopperMinimalBillingWithEmailWithShippingTests.swift */; };
		599E195E2A091C92004AAE57 /* ReturningShopperMinimalBillingWithShippingTests.swift in Sources */ = {isa = PBXBuildFile; fileRef = 599E19462A091C92004AAE57 /* ReturningShopperMinimalBillingWithShippingTests.swift */; };
		599E195F2A091C92004AAE57 /* ReturningShopperMinimalBillingWithEmailTests.swift in Sources */ = {isa = PBXBuildFile; fileRef = 599E19472A091C92004AAE57 /* ReturningShopperMinimalBillingWithEmailTests.swift */; };
		599E19602A091C92004AAE57 /* ReturningShopperFullBillingWithEmailTests.swift in Sources */ = {isa = PBXBuildFile; fileRef = 599E19482A091C92004AAE57 /* ReturningShopperFullBillingWithEmailTests.swift */; };
		599E19612A091C92004AAE57 /* BSShippingScreenUITestHelper.swift in Sources */ = {isa = PBXBuildFile; fileRef = 599E19492A091C92004AAE57 /* BSShippingScreenUITestHelper.swift */; };
		599E19622A091C92004AAE57 /* ShopperConfigurationUITests.swift in Sources */ = {isa = PBXBuildFile; fileRef = 599E194B2A091C92004AAE57 /* ShopperConfigurationUITests.swift */; };
		599E19632A091C92004AAE57 /* CheckoutNewShopperUITests.swift in Sources */ = {isa = PBXBuildFile; fileRef = 599E194C2A091C92004AAE57 /* CheckoutNewShopperUITests.swift */; };
		599E19642A091C92004AAE57 /* BSExistingCcScreenUITestHelper.swift in Sources */ = {isa = PBXBuildFile; fileRef = 599E194D2A091C92004AAE57 /* BSExistingCcScreenUITestHelper.swift */; };
		599E19652A091C92004AAE57 /* BSPaymentScreenUITestHelper.swift in Sources */ = {isa = PBXBuildFile; fileRef = 599E194E2A091C92004AAE57 /* BSPaymentScreenUITestHelper.swift */; };
		599E19662A091C92004AAE57 /* BSUITestsUtils.swift in Sources */ = {isa = PBXBuildFile; fileRef = 599E194F2A091C92004AAE57 /* BSUITestsUtils.swift */; };
		599E19672A091C92004AAE57 /* SubscriptionChargeNewShopperUITests.swift in Sources */ = {isa = PBXBuildFile; fileRef = 599E19512A091C92004AAE57 /* SubscriptionChargeNewShopperUITests.swift */; };
		599E19682A091C92004AAE57 /* SubscriptionChargeReturningShopperUITests.swift in Sources */ = {isa = PBXBuildFile; fileRef = 599E19522A091C92004AAE57 /* SubscriptionChargeReturningShopperUITests.swift */; };
		599E19692A091C92004AAE57 /* UIBaseTester.swift in Sources */ = {isa = PBXBuildFile; fileRef = 599E19532A091C92004AAE57 /* UIBaseTester.swift */; };
		599E196A2A091C92004AAE57 /* BSPaymentTypeScreenUITestHelper.swift in Sources */ = {isa = PBXBuildFile; fileRef = 599E19542A091C92004AAE57 /* BSPaymentTypeScreenUITestHelper.swift */; };
		599E196B2A091C92004AAE57 /* BSCreditCardScreenUITestHelperBase.swift in Sources */ = {isa = PBXBuildFile; fileRef = 599E19552A091C92004AAE57 /* BSCreditCardScreenUITestHelperBase.swift */; };
		599E196C2A091C92004AAE57 /* CheckoutReturningShopperBaseTester.swift in Sources */ = {isa = PBXBuildFile; fileRef = 599E19562A091C92004AAE57 /* CheckoutReturningShopperBaseTester.swift */; };
		599E196D2A091C92004AAE57 /* CheckoutBaseTester.swift in Sources */ = {isa = PBXBuildFile; fileRef = 599E19572A091C92004AAE57 /* CheckoutBaseTester.swift */; };
		599E196F2A091F2E004AAE57 /* KountWrapper in Frameworks */ = {isa = PBXBuildFile; productRef = 599E196E2A091F2E004AAE57 /* KountWrapper */; };
		599E19722A091FC6004AAE57 /* DemoAPIHelper.swift in Sources */ = {isa = PBXBuildFile; fileRef = 599E19222A08F9AA004AAE57 /* DemoAPIHelper.swift */; };
		599E19742A091FEA004AAE57 /* BluesnapSDK in Frameworks */ = {isa = PBXBuildFile; productRef = 599E19732A091FEA004AAE57 /* BluesnapSDK */; };
		599E19752A091FEA004AAE57 /* BluesnapSDK in Embed Frameworks */ = {isa = PBXBuildFile; productRef = 599E19732A091FEA004AAE57 /* BluesnapSDK */; settings = {ATTRIBUTES = (CodeSignOnCopy, ); }; };
		599E19772A092087004AAE57 /* KountWrapper in Frameworks */ = {isa = PBXBuildFile; productRef = 599E19762A092087004AAE57 /* KountWrapper */; settings = {ATTRIBUTES = (Required, ); }; };
		599E19782A0922BF004AAE57 /* CardinalMobile.xcframework in Frameworks */ = {isa = PBXBuildFile; fileRef = 599E19132A08F790004AAE57 /* CardinalMobile.xcframework */; };
/* End PBXBuildFile section */

/* Begin PBXContainerItemProxy section */
		599E19392A091BE3004AAE57 /* PBXContainerItemProxy */ = {
			isa = PBXContainerItemProxy;
			containerPortal = 599E18EF2A08F57A004AAE57 /* Project object */;
			proxyType = 1;
			remoteGlobalIDString = 599E18F62A08F57A004AAE57;
			remoteInfo = BluesnapSDKExample;
		};
/* End PBXContainerItemProxy section */

/* Begin PBXCopyFilesBuildPhase section */
		599E19112A08F77E004AAE57 /* Embed Frameworks */ = {
			isa = PBXCopyFilesBuildPhase;
			buildActionMask = 2147483647;
			dstPath = "";
			dstSubfolderSpec = 10;
			files = (
				599E19122A08F77E004AAE57 /* BluesnapSDK in Embed Frameworks */,
			);
			name = "Embed Frameworks";
			runOnlyForDeploymentPostprocessing = 0;
		};
		599E19702A091F2E004AAE57 /* Embed Frameworks */ = {
			isa = PBXCopyFilesBuildPhase;
			buildActionMask = 2147483647;
			dstPath = "";
			dstSubfolderSpec = 10;
			files = (
				599E19752A091FEA004AAE57 /* BluesnapSDK in Embed Frameworks */,
			);
			name = "Embed Frameworks";
			runOnlyForDeploymentPostprocessing = 0;
		};
/* End PBXCopyFilesBuildPhase section */

/* Begin PBXFileReference section */
		2DA0E8762BE7C82F008E9F08 /* PrivacyInfo.xcprivacy */ = {isa = PBXFileReference; lastKnownFileType = text.xml; path = PrivacyInfo.xcprivacy; sourceTree = "<group>"; };
		5956C89A2A0BAEF60077B5F3 /* credentials.plist */ = {isa = PBXFileReference; lastKnownFileType = text.plist.xml; name = credentials.plist; path = ../../Sources/BluesnapSDK/Resources/credentials.plist; sourceTree = "<group>"; };
		59925CB42A1CC57600DC31E6 /* KountDataCollector.xcframework */ = {isa = PBXFileReference; expectedSignature = "AppleDeveloperProgram:62G3CSFCPV:Equifax Inc"; lastKnownFileType = wrapper.xcframework; name = KountDataCollector.xcframework; path = ../Frameworks/XCFrameworks/KountDataCollector.xcframework; sourceTree = "<group>"; };
		599E18F72A08F57A004AAE57 /* BluesnapSDKExample.app */ = {isa = PBXFileReference; explicitFileType = wrapper.application; includeInIndex = 0; path = BluesnapSDKExample.app; sourceTree = BUILT_PRODUCTS_DIR; };
		599E18FA2A08F57A004AAE57 /* AppDelegate.swift */ = {isa = PBXFileReference; lastKnownFileType = sourcecode.swift; path = AppDelegate.swift; sourceTree = "<group>"; };
		599E18FC2A08F57A004AAE57 /* SceneDelegate.swift */ = {isa = PBXFileReference; lastKnownFileType = sourcecode.swift; path = SceneDelegate.swift; sourceTree = "<group>"; };
		599E18FE2A08F57A004AAE57 /* ViewController.swift */ = {isa = PBXFileReference; lastKnownFileType = sourcecode.swift; path = ViewController.swift; sourceTree = "<group>"; };
		599E19062A08F57B004AAE57 /* Base */ = {isa = PBXFileReference; lastKnownFileType = file.storyboard; name = Base; path = Base.lproj/LaunchScreen.storyboard; sourceTree = "<group>"; };
		599E19082A08F57B004AAE57 /* Info.plist */ = {isa = PBXFileReference; lastKnownFileType = text.plist.xml; path = Info.plist; sourceTree = "<group>"; };
		599E19132A08F790004AAE57 /* CardinalMobile.xcframework */ = {isa = PBXFileReference; expectedSignature = "AppleDeveloperProgram:H7M4G5NDNU:CardinalCommerce Corp"; lastKnownFileType = wrapper.xcframework; name = CardinalMobile.xcframework; path = ../Frameworks/XCFrameworks/CardinalMobile.xcframework; sourceTree = "<group>"; };
		599E19162A08F905004AAE57 /* Assets.xcassets */ = {isa = PBXFileReference; lastKnownFileType = folder.assetcatalog; path = Assets.xcassets; sourceTree = "<group>"; };
		599E191C2A08F976004AAE57 /* Configuration.swift */ = {isa = PBXFileReference; fileEncoding = 4; lastKnownFileType = sourcecode.swift; path = Configuration.swift; sourceTree = "<group>"; };
		599E191E2A08F97E004AAE57 /* BSTestingAPIService.swift */ = {isa = PBXFileReference; fileEncoding = 4; lastKnownFileType = sourcecode.swift; path = BSTestingAPIService.swift; sourceTree = "<group>"; };
		599E19202A08F982004AAE57 /* ThankYouViewController.swift */ = {isa = PBXFileReference; fileEncoding = 4; lastKnownFileType = sourcecode.swift; path = ThankYouViewController.swift; sourceTree = "<group>"; };
		599E19222A08F9AA004AAE57 /* DemoAPIHelper.swift */ = {isa = PBXFileReference; fileEncoding = 4; lastKnownFileType = sourcecode.swift; path = DemoAPIHelper.swift; sourceTree = "<group>"; };
		599E19282A08FA33004AAE57 /* Base */ = {isa = PBXFileReference; lastKnownFileType = file.storyboard; name = Base; path = Base.lproj/Main.storyboard; sourceTree = "<group>"; };
		599E192E2A0900D3004AAE57 /* BluesnapSDKExample.entitlements */ = {isa = PBXFileReference; lastKnownFileType = text.plist.entitlements; path = BluesnapSDKExample.entitlements; sourceTree = "<group>"; };
		599E19332A091BE3004AAE57 /* BluesnapSDKExampleUITests.xctest */ = {isa = PBXFileReference; explicitFileType = wrapper.cfbundle; includeInIndex = 0; path = BluesnapSDKExampleUITests.xctest; sourceTree = BUILT_PRODUCTS_DIR; };
		599E193E2A091C91004AAE57 /* BluesnapSDKExampleUITests-Bridging-Header.h */ = {isa = PBXFileReference; lastKnownFileType = sourcecode.c.h; path = "BluesnapSDKExampleUITests-Bridging-Header.h"; sourceTree = "<group>"; };
		599E19402A091C92004AAE57 /* ReturningShopperFullBillingTests.swift */ = {isa = PBXFileReference; fileEncoding = 4; lastKnownFileType = sourcecode.swift; path = ReturningShopperFullBillingTests.swift; sourceTree = "<group>"; };
		599E19412A091C92004AAE57 /* ReturningShopperFullBillingWithShippingTests.swift */ = {isa = PBXFileReference; fileEncoding = 4; lastKnownFileType = sourcecode.swift; path = ReturningShopperFullBillingWithShippingTests.swift; sourceTree = "<group>"; };
		599E19422A091C92004AAE57 /* ReturningShopperMinimalBillingTests.swift */ = {isa = PBXFileReference; fileEncoding = 4; lastKnownFileType = sourcecode.swift; path = ReturningShopperMinimalBillingTests.swift; sourceTree = "<group>"; };
		599E19432A091C92004AAE57 /* CheckoutReturningShopperUITests.swift */ = {isa = PBXFileReference; fileEncoding = 4; lastKnownFileType = sourcecode.swift; path = CheckoutReturningShopperUITests.swift; sourceTree = "<group>"; };
		599E19442A091C92004AAE57 /* ReturningShopperFullBillingWithEmailWithShippingTests.swift */ = {isa = PBXFileReference; fileEncoding = 4; lastKnownFileType = sourcecode.swift; path = ReturningShopperFullBillingWithEmailWithShippingTests.swift; sourceTree = "<group>"; };
		599E19452A091C92004AAE57 /* ReturningShopperMinimalBillingWithEmailWithShippingTests.swift */ = {isa = PBXFileReference; fileEncoding = 4; lastKnownFileType = sourcecode.swift; path = ReturningShopperMinimalBillingWithEmailWithShippingTests.swift; sourceTree = "<group>"; };
		599E19462A091C92004AAE57 /* ReturningShopperMinimalBillingWithShippingTests.swift */ = {isa = PBXFileReference; fileEncoding = 4; lastKnownFileType = sourcecode.swift; path = ReturningShopperMinimalBillingWithShippingTests.swift; sourceTree = "<group>"; };
		599E19472A091C92004AAE57 /* ReturningShopperMinimalBillingWithEmailTests.swift */ = {isa = PBXFileReference; fileEncoding = 4; lastKnownFileType = sourcecode.swift; path = ReturningShopperMinimalBillingWithEmailTests.swift; sourceTree = "<group>"; };
		599E19482A091C92004AAE57 /* ReturningShopperFullBillingWithEmailTests.swift */ = {isa = PBXFileReference; fileEncoding = 4; lastKnownFileType = sourcecode.swift; path = ReturningShopperFullBillingWithEmailTests.swift; sourceTree = "<group>"; };
		599E19492A091C92004AAE57 /* BSShippingScreenUITestHelper.swift */ = {isa = PBXFileReference; fileEncoding = 4; lastKnownFileType = sourcecode.swift; path = BSShippingScreenUITestHelper.swift; sourceTree = "<group>"; };
		599E194B2A091C92004AAE57 /* ShopperConfigurationUITests.swift */ = {isa = PBXFileReference; fileEncoding = 4; lastKnownFileType = sourcecode.swift; path = ShopperConfigurationUITests.swift; sourceTree = "<group>"; };
		599E194C2A091C92004AAE57 /* CheckoutNewShopperUITests.swift */ = {isa = PBXFileReference; fileEncoding = 4; lastKnownFileType = sourcecode.swift; path = CheckoutNewShopperUITests.swift; sourceTree = "<group>"; };
		599E194D2A091C92004AAE57 /* BSExistingCcScreenUITestHelper.swift */ = {isa = PBXFileReference; fileEncoding = 4; lastKnownFileType = sourcecode.swift; path = BSExistingCcScreenUITestHelper.swift; sourceTree = "<group>"; };
		599E194E2A091C92004AAE57 /* BSPaymentScreenUITestHelper.swift */ = {isa = PBXFileReference; fileEncoding = 4; lastKnownFileType = sourcecode.swift; path = BSPaymentScreenUITestHelper.swift; sourceTree = "<group>"; };
		599E194F2A091C92004AAE57 /* BSUITestsUtils.swift */ = {isa = PBXFileReference; fileEncoding = 4; lastKnownFileType = sourcecode.swift; path = BSUITestsUtils.swift; sourceTree = "<group>"; };
		599E19512A091C92004AAE57 /* SubscriptionChargeNewShopperUITests.swift */ = {isa = PBXFileReference; fileEncoding = 4; lastKnownFileType = sourcecode.swift; path = SubscriptionChargeNewShopperUITests.swift; sourceTree = "<group>"; };
		599E19522A091C92004AAE57 /* SubscriptionChargeReturningShopperUITests.swift */ = {isa = PBXFileReference; fileEncoding = 4; lastKnownFileType = sourcecode.swift; path = SubscriptionChargeReturningShopperUITests.swift; sourceTree = "<group>"; };
		599E19532A091C92004AAE57 /* UIBaseTester.swift */ = {isa = PBXFileReference; fileEncoding = 4; lastKnownFileType = sourcecode.swift; path = UIBaseTester.swift; sourceTree = "<group>"; };
		599E19542A091C92004AAE57 /* BSPaymentTypeScreenUITestHelper.swift */ = {isa = PBXFileReference; fileEncoding = 4; lastKnownFileType = sourcecode.swift; path = BSPaymentTypeScreenUITestHelper.swift; sourceTree = "<group>"; };
		599E19552A091C92004AAE57 /* BSCreditCardScreenUITestHelperBase.swift */ = {isa = PBXFileReference; fileEncoding = 4; lastKnownFileType = sourcecode.swift; path = BSCreditCardScreenUITestHelperBase.swift; sourceTree = "<group>"; };
		599E19562A091C92004AAE57 /* CheckoutReturningShopperBaseTester.swift */ = {isa = PBXFileReference; fileEncoding = 4; lastKnownFileType = sourcecode.swift; path = CheckoutReturningShopperBaseTester.swift; sourceTree = "<group>"; };
		599E19572A091C92004AAE57 /* CheckoutBaseTester.swift */ = {isa = PBXFileReference; fileEncoding = 4; lastKnownFileType = sourcecode.swift; path = CheckoutBaseTester.swift; sourceTree = "<group>"; };
		59AFFC0E2A1221A40079162E /* ReturningShopperUITests.xctestplan */ = {isa = PBXFileReference; lastKnownFileType = text; path = ReturningShopperUITests.xctestplan; sourceTree = SOURCE_ROOT; };
/* End PBXFileReference section */

/* Begin PBXFrameworksBuildPhase section */
		599E18F42A08F57A004AAE57 /* Frameworks */ = {
			isa = PBXFrameworksBuildPhase;
			buildActionMask = 2147483647;
			files = (
				2D3575012B571FD700449881 /* KountWrapper in Frameworks */,
				599E19772A092087004AAE57 /* KountWrapper in Frameworks */,
				2D3574FF2B571FD700449881 /* BluesnapSDK in Frameworks */,
				599E19102A08F77E004AAE57 /* BluesnapSDK in Frameworks */,
				59925CB52A1CC57600DC31E6 /* KountDataCollector.xcframework in Frameworks */,
			);
			runOnlyForDeploymentPostprocessing = 0;
		};
		599E19302A091BE3004AAE57 /* Frameworks */ = {
			isa = PBXFrameworksBuildPhase;
			buildActionMask = 2147483647;
			files = (
				599E19782A0922BF004AAE57 /* CardinalMobile.xcframework in Frameworks */,
				599E196F2A091F2E004AAE57 /* KountWrapper in Frameworks */,
				599E19742A091FEA004AAE57 /* BluesnapSDK in Frameworks */,
				59925CB62A1CC57600DC31E6 /* KountDataCollector.xcframework in Frameworks */,
			);
			runOnlyForDeploymentPostprocessing = 0;
		};
/* End PBXFrameworksBuildPhase section */

/* Begin PBXGroup section */
		599E18EE2A08F57A004AAE57 = {
			isa = PBXGroup;
			children = (
				599E18F92A08F57A004AAE57 /* BluesnapSDKExample */,
				599E19342A091BE3004AAE57 /* BluesnapSDKExampleUITests */,
				599E18F82A08F57A004AAE57 /* Products */,
				599E190E2A08F77E004AAE57 /* Frameworks */,
			);
			sourceTree = "<group>";
		};
		599E18F82A08F57A004AAE57 /* Products */ = {
			isa = PBXGroup;
			children = (
				599E18F72A08F57A004AAE57 /* BluesnapSDKExample.app */,
				599E19332A091BE3004AAE57 /* BluesnapSDKExampleUITests.xctest */,
			);
			name = Products;
			sourceTree = "<group>";
		};
		599E18F92A08F57A004AAE57 /* BluesnapSDKExample */ = {
			isa = PBXGroup;
			children = (
				5956C89A2A0BAEF60077B5F3 /* credentials.plist */,
				599E192E2A0900D3004AAE57 /* BluesnapSDKExample.entitlements */,
				599E18FA2A08F57A004AAE57 /* AppDelegate.swift */,
				599E18FC2A08F57A004AAE57 /* SceneDelegate.swift */,
				599E18FE2A08F57A004AAE57 /* ViewController.swift */,
				599E19292A08FA33004AAE57 /* Main.storyboard */,
				599E19052A08F57B004AAE57 /* LaunchScreen.storyboard */,
				599E191C2A08F976004AAE57 /* Configuration.swift */,
				599E191E2A08F97E004AAE57 /* BSTestingAPIService.swift */,
				599E19202A08F982004AAE57 /* ThankYouViewController.swift */,
				599E19222A08F9AA004AAE57 /* DemoAPIHelper.swift */,
				599E19162A08F905004AAE57 /* Assets.xcassets */,
				599E19082A08F57B004AAE57 /* Info.plist */,
				2DA0E8762BE7C82F008E9F08 /* PrivacyInfo.xcprivacy */,
			);
			path = BluesnapSDKExample;
			sourceTree = "<group>";
		};
		599E190E2A08F77E004AAE57 /* Frameworks */ = {
			isa = PBXGroup;
			children = (
				59925CB42A1CC57600DC31E6 /* KountDataCollector.xcframework */,
				599E19132A08F790004AAE57 /* CardinalMobile.xcframework */,
			);
			name = Frameworks;
			sourceTree = "<group>";
		};
		599E19342A091BE3004AAE57 /* BluesnapSDKExampleUITests */ = {
			isa = PBXGroup;
			children = (
				599E19552A091C92004AAE57 /* BSCreditCardScreenUITestHelperBase.swift */,
				599E194D2A091C92004AAE57 /* BSExistingCcScreenUITestHelper.swift */,
				599E194E2A091C92004AAE57 /* BSPaymentScreenUITestHelper.swift */,
				599E19542A091C92004AAE57 /* BSPaymentTypeScreenUITestHelper.swift */,
				599E19492A091C92004AAE57 /* BSShippingScreenUITestHelper.swift */,
				599E194F2A091C92004AAE57 /* BSUITestsUtils.swift */,
				59AFFC0E2A1221A40079162E /* ReturningShopperUITests.xctestplan */,
				599E19572A091C92004AAE57 /* CheckoutBaseTester.swift */,
				599E194C2A091C92004AAE57 /* CheckoutNewShopperUITests.swift */,
				599E19562A091C92004AAE57 /* CheckoutReturningShopperBaseTester.swift */,
				599E193F2A091C92004AAE57 /* CheckoutReturningShopperUITests */,
				599E194A2A091C92004AAE57 /* ShopperConfigurationUITests */,
				599E19502A091C92004AAE57 /* SubscriptionChargeUITests */,
				599E19532A091C92004AAE57 /* UIBaseTester.swift */,
				599E193E2A091C91004AAE57 /* BluesnapSDKExampleUITests-Bridging-Header.h */,
			);
			path = BluesnapSDKExampleUITests;
			sourceTree = "<group>";
		};
		599E193F2A091C92004AAE57 /* CheckoutReturningShopperUITests */ = {
			isa = PBXGroup;
			children = (
				599E19402A091C92004AAE57 /* ReturningShopperFullBillingTests.swift */,
				599E19412A091C92004AAE57 /* ReturningShopperFullBillingWithShippingTests.swift */,
				599E19422A091C92004AAE57 /* ReturningShopperMinimalBillingTests.swift */,
				599E19432A091C92004AAE57 /* CheckoutReturningShopperUITests.swift */,
				599E19442A091C92004AAE57 /* ReturningShopperFullBillingWithEmailWithShippingTests.swift */,
				599E19452A091C92004AAE57 /* ReturningShopperMinimalBillingWithEmailWithShippingTests.swift */,
				599E19462A091C92004AAE57 /* ReturningShopperMinimalBillingWithShippingTests.swift */,
				599E19472A091C92004AAE57 /* ReturningShopperMinimalBillingWithEmailTests.swift */,
				599E19482A091C92004AAE57 /* ReturningShopperFullBillingWithEmailTests.swift */,
			);
			path = CheckoutReturningShopperUITests;
			sourceTree = "<group>";
		};
		599E194A2A091C92004AAE57 /* ShopperConfigurationUITests */ = {
			isa = PBXGroup;
			children = (
				599E194B2A091C92004AAE57 /* ShopperConfigurationUITests.swift */,
			);
			path = ShopperConfigurationUITests;
			sourceTree = "<group>";
		};
		599E19502A091C92004AAE57 /* SubscriptionChargeUITests */ = {
			isa = PBXGroup;
			children = (
				599E19512A091C92004AAE57 /* SubscriptionChargeNewShopperUITests.swift */,
				599E19522A091C92004AAE57 /* SubscriptionChargeReturningShopperUITests.swift */,
			);
			path = SubscriptionChargeUITests;
			sourceTree = "<group>";
		};
/* End PBXGroup section */

/* Begin PBXNativeTarget section */
		599E18F62A08F57A004AAE57 /* BluesnapSDKExample */ = {
			isa = PBXNativeTarget;
			buildConfigurationList = 599E190B2A08F57B004AAE57 /* Build configuration list for PBXNativeTarget "BluesnapSDKExample" */;
			buildPhases = (
				599E18F32A08F57A004AAE57 /* Sources */,
				599E18F42A08F57A004AAE57 /* Frameworks */,
				599E18F52A08F57A004AAE57 /* Resources */,
				599E19112A08F77E004AAE57 /* Embed Frameworks */,
			);
			buildRules = (
			);
			dependencies = (
			);
			name = BluesnapSDKExample;
			packageProductDependencies = (
				599E190F2A08F77E004AAE57 /* BluesnapSDK */,
				599E19762A092087004AAE57 /* KountWrapper */,
				2D3574FE2B571FD700449881 /* BluesnapSDK */,
				2D3575002B571FD700449881 /* KountWrapper */,
			);
			productName = BluesnapSDKExample;
			productReference = 599E18F72A08F57A004AAE57 /* BluesnapSDKExample.app */;
			productType = "com.apple.product-type.application";
		};
		599E19322A091BE3004AAE57 /* BluesnapSDKExampleUITests */ = {
			isa = PBXNativeTarget;
			buildConfigurationList = 599E193D2A091BE3004AAE57 /* Build configuration list for PBXNativeTarget "BluesnapSDKExampleUITests" */;
			buildPhases = (
				599E192F2A091BE3004AAE57 /* Sources */,
				599E19302A091BE3004AAE57 /* Frameworks */,
				5956C8952A0BA5CB0077B5F3 /* Resources */,
				599E19702A091F2E004AAE57 /* Embed Frameworks */,
			);
			buildRules = (
			);
			dependencies = (
				599E193A2A091BE3004AAE57 /* PBXTargetDependency */,
			);
			name = BluesnapSDKExampleUITests;
			packageProductDependencies = (
				599E196E2A091F2E004AAE57 /* KountWrapper */,
				599E19732A091FEA004AAE57 /* BluesnapSDK */,
			);
			productName = BluesnapSDKExampleUITests;
			productReference = 599E19332A091BE3004AAE57 /* BluesnapSDKExampleUITests.xctest */;
			productType = "com.apple.product-type.bundle.ui-testing";
		};
/* End PBXNativeTarget section */

/* Begin PBXProject section */
		599E18EF2A08F57A004AAE57 /* Project object */ = {
			isa = PBXProject;
			attributes = {
				BuildIndependentTargetsInParallel = 1;
				LastSwiftUpdateCheck = 1430;
				LastUpgradeCheck = 1600;
				TargetAttributes = {
					599E18F62A08F57A004AAE57 = {
						CreatedOnToolsVersion = 14.3;
					};
					599E19322A091BE3004AAE57 = {
						CreatedOnToolsVersion = 14.3;
						LastSwiftMigration = 1430;
						TestTargetID = 599E18F62A08F57A004AAE57;
					};
				};
			};
			buildConfigurationList = 599E18F22A08F57A004AAE57 /* Build configuration list for PBXProject "BluesnapSDKExample" */;
			compatibilityVersion = "Xcode 14.0";
			developmentRegion = en;
			hasScannedForEncodings = 0;
			knownRegions = (
				en,
				Base,
			);
			mainGroup = 599E18EE2A08F57A004AAE57;
			packageReferences = (
				2D3574FD2B571F3800449881 /* XCLocalSwiftPackageReference ".." */,
			);
			productRefGroup = 599E18F82A08F57A004AAE57 /* Products */;
			projectDirPath = "";
			projectRoot = "";
			targets = (
				599E18F62A08F57A004AAE57 /* BluesnapSDKExample */,
				599E19322A091BE3004AAE57 /* BluesnapSDKExampleUITests */,
			);
		};
/* End PBXProject section */

/* Begin PBXResourcesBuildPhase section */
		5956C8952A0BA5CB0077B5F3 /* Resources */ = {
			isa = PBXResourcesBuildPhase;
			buildActionMask = 2147483647;
			files = (
				2DA0E8782BE7C82F008E9F08 /* PrivacyInfo.xcprivacy in Resources */,
			);
			runOnlyForDeploymentPostprocessing = 0;
		};
		599E18F52A08F57A004AAE57 /* Resources */ = {
			isa = PBXResourcesBuildPhase;
			buildActionMask = 2147483647;
			files = (
				5956C89B2A0BAEF60077B5F3 /* credentials.plist in Resources */,
				599E19272A08FA33004AAE57 /* Main.storyboard in Resources */,
				599E19072A08F57B004AAE57 /* LaunchScreen.storyboard in Resources */,
				2DA0E8772BE7C82F008E9F08 /* PrivacyInfo.xcprivacy in Resources */,
				599E19172A08F905004AAE57 /* Assets.xcassets in Resources */,
			);
			runOnlyForDeploymentPostprocessing = 0;
		};
/* End PBXResourcesBuildPhase section */

/* Begin PBXSourcesBuildPhase section */
		599E18F32A08F57A004AAE57 /* Sources */ = {
			isa = PBXSourcesBuildPhase;
			buildActionMask = 2147483647;
			files = (
				599E18FF2A08F57A004AAE57 /* ViewController.swift in Sources */,
				599E191F2A08F97E004AAE57 /* BSTestingAPIService.swift in Sources */,
				599E18FB2A08F57A004AAE57 /* AppDelegate.swift in Sources */,
				599E19212A08F982004AAE57 /* ThankYouViewController.swift in Sources */,
				599E191D2A08F976004AAE57 /* Configuration.swift in Sources */,
				599E18FD2A08F57A004AAE57 /* SceneDelegate.swift in Sources */,
				599E19232A08F9AA004AAE57 /* DemoAPIHelper.swift in Sources */,
			);
			runOnlyForDeploymentPostprocessing = 0;
		};
		599E192F2A091BE3004AAE57 /* Sources */ = {
			isa = PBXSourcesBuildPhase;
			buildActionMask = 2147483647;
			files = (
				599E195E2A091C92004AAE57 /* ReturningShopperMinimalBillingWithShippingTests.swift in Sources */,
				599E19582A091C92004AAE57 /* ReturningShopperFullBillingTests.swift in Sources */,
				599E195D2A091C92004AAE57 /* ReturningShopperMinimalBillingWithEmailWithShippingTests.swift in Sources */,
				599E19622A091C92004AAE57 /* ShopperConfigurationUITests.swift in Sources */,
				599E19632A091C92004AAE57 /* CheckoutNewShopperUITests.swift in Sources */,
				599E195F2A091C92004AAE57 /* ReturningShopperMinimalBillingWithEmailTests.swift in Sources */,
				599E19662A091C92004AAE57 /* BSUITestsUtils.swift in Sources */,
				599E19722A091FC6004AAE57 /* DemoAPIHelper.swift in Sources */,
				599E19682A091C92004AAE57 /* SubscriptionChargeReturningShopperUITests.swift in Sources */,
				599E195A2A091C92004AAE57 /* ReturningShopperMinimalBillingTests.swift in Sources */,
				599E19692A091C92004AAE57 /* UIBaseTester.swift in Sources */,
				599E196B2A091C92004AAE57 /* BSCreditCardScreenUITestHelperBase.swift in Sources */,
				599E195B2A091C92004AAE57 /* CheckoutReturningShopperUITests.swift in Sources */,
				599E196C2A091C92004AAE57 /* CheckoutReturningShopperBaseTester.swift in Sources */,
				599E196D2A091C92004AAE57 /* CheckoutBaseTester.swift in Sources */,
				599E19612A091C92004AAE57 /* BSShippingScreenUITestHelper.swift in Sources */,
				599E19642A091C92004AAE57 /* BSExistingCcScreenUITestHelper.swift in Sources */,
				599E19602A091C92004AAE57 /* ReturningShopperFullBillingWithEmailTests.swift in Sources */,
				599E195C2A091C92004AAE57 /* ReturningShopperFullBillingWithEmailWithShippingTests.swift in Sources */,
				599E196A2A091C92004AAE57 /* BSPaymentTypeScreenUITestHelper.swift in Sources */,
				599E19592A091C92004AAE57 /* ReturningShopperFullBillingWithShippingTests.swift in Sources */,
				599E19652A091C92004AAE57 /* BSPaymentScreenUITestHelper.swift in Sources */,
				599E19672A091C92004AAE57 /* SubscriptionChargeNewShopperUITests.swift in Sources */,
			);
			runOnlyForDeploymentPostprocessing = 0;
		};
/* End PBXSourcesBuildPhase section */

/* Begin PBXTargetDependency section */
		599E193A2A091BE3004AAE57 /* PBXTargetDependency */ = {
			isa = PBXTargetDependency;
			target = 599E18F62A08F57A004AAE57 /* BluesnapSDKExample */;
			targetProxy = 599E19392A091BE3004AAE57 /* PBXContainerItemProxy */;
		};
/* End PBXTargetDependency section */

/* Begin PBXVariantGroup section */
		599E19052A08F57B004AAE57 /* LaunchScreen.storyboard */ = {
			isa = PBXVariantGroup;
			children = (
				599E19062A08F57B004AAE57 /* Base */,
			);
			name = LaunchScreen.storyboard;
			sourceTree = "<group>";
		};
		599E19292A08FA33004AAE57 /* Main.storyboard */ = {
			isa = PBXVariantGroup;
			children = (
				599E19282A08FA33004AAE57 /* Base */,
			);
			name = Main.storyboard;
			sourceTree = "<group>";
		};
/* End PBXVariantGroup section */

/* Begin XCBuildConfiguration section */
		599E19092A08F57B004AAE57 /* Debug */ = {
			isa = XCBuildConfiguration;
			buildSettings = {
				ALWAYS_SEARCH_USER_PATHS = NO;
				CLANG_ANALYZER_NONNULL = YES;
				CLANG_ANALYZER_NUMBER_OBJECT_CONVERSION = YES_AGGRESSIVE;
				CLANG_CXX_LANGUAGE_STANDARD = "gnu++20";
				CLANG_ENABLE_MODULES = YES;
				CLANG_ENABLE_OBJC_ARC = YES;
				CLANG_ENABLE_OBJC_WEAK = YES;
				CLANG_WARN_BLOCK_CAPTURE_AUTORELEASING = YES;
				CLANG_WARN_BOOL_CONVERSION = YES;
				CLANG_WARN_COMMA = YES;
				CLANG_WARN_CONSTANT_CONVERSION = YES;
				CLANG_WARN_DEPRECATED_OBJC_IMPLEMENTATIONS = YES;
				CLANG_WARN_DIRECT_OBJC_ISA_USAGE = YES_ERROR;
				CLANG_WARN_DOCUMENTATION_COMMENTS = YES;
				CLANG_WARN_EMPTY_BODY = YES;
				CLANG_WARN_ENUM_CONVERSION = YES;
				CLANG_WARN_INFINITE_RECURSION = YES;
				CLANG_WARN_INT_CONVERSION = YES;
				CLANG_WARN_NON_LITERAL_NULL_CONVERSION = YES;
				CLANG_WARN_OBJC_IMPLICIT_RETAIN_SELF = YES;
				CLANG_WARN_OBJC_LITERAL_CONVERSION = YES;
				CLANG_WARN_OBJC_ROOT_CLASS = YES_ERROR;
				CLANG_WARN_QUOTED_INCLUDE_IN_FRAMEWORK_HEADER = YES;
				CLANG_WARN_RANGE_LOOP_ANALYSIS = YES;
				CLANG_WARN_STRICT_PROTOTYPES = YES;
				CLANG_WARN_SUSPICIOUS_MOVE = YES;
				CLANG_WARN_UNGUARDED_AVAILABILITY = YES_AGGRESSIVE;
				CLANG_WARN_UNREACHABLE_CODE = YES;
				CLANG_WARN__DUPLICATE_METHOD_MATCH = YES;
				COPY_PHASE_STRIP = NO;
				DEBUG_INFORMATION_FORMAT = dwarf;
				ENABLE_STRICT_OBJC_MSGSEND = YES;
				ENABLE_TESTABILITY = YES;
				ENABLE_USER_SCRIPT_SANDBOXING = YES;
				GCC_C_LANGUAGE_STANDARD = gnu11;
				GCC_DYNAMIC_NO_PIC = NO;
				GCC_NO_COMMON_BLOCKS = YES;
				GCC_OPTIMIZATION_LEVEL = 0;
				GCC_PREPROCESSOR_DEFINITIONS = (
					"DEBUG=1",
					"$(inherited)",
				);
				GCC_WARN_64_TO_32_BIT_CONVERSION = YES;
				GCC_WARN_ABOUT_RETURN_TYPE = YES_ERROR;
				GCC_WARN_UNDECLARED_SELECTOR = YES;
				GCC_WARN_UNINITIALIZED_AUTOS = YES_AGGRESSIVE;
				GCC_WARN_UNUSED_FUNCTION = YES;
				GCC_WARN_UNUSED_VARIABLE = YES;
				IPHONEOS_DEPLOYMENT_TARGET = 16.4;
				MTL_ENABLE_DEBUG_INFO = INCLUDE_SOURCE;
				MTL_FAST_MATH = YES;
				ONLY_ACTIVE_ARCH = YES;
				SDKROOT = iphoneos;
				SWIFT_ACTIVE_COMPILATION_CONDITIONS = DEBUG;
				SWIFT_OPTIMIZATION_LEVEL = "-Onone";
				VALIDATE_PRODUCT = YES;
			};
			name = Debug;
		};
		599E190A2A08F57B004AAE57 /* Release */ = {
			isa = XCBuildConfiguration;
			buildSettings = {
				ALWAYS_SEARCH_USER_PATHS = NO;
				CLANG_ANALYZER_NONNULL = YES;
				CLANG_ANALYZER_NUMBER_OBJECT_CONVERSION = YES_AGGRESSIVE;
				CLANG_CXX_LANGUAGE_STANDARD = "gnu++20";
				CLANG_ENABLE_MODULES = YES;
				CLANG_ENABLE_OBJC_ARC = YES;
				CLANG_ENABLE_OBJC_WEAK = YES;
				CLANG_WARN_BLOCK_CAPTURE_AUTORELEASING = YES;
				CLANG_WARN_BOOL_CONVERSION = YES;
				CLANG_WARN_COMMA = YES;
				CLANG_WARN_CONSTANT_CONVERSION = YES;
				CLANG_WARN_DEPRECATED_OBJC_IMPLEMENTATIONS = YES;
				CLANG_WARN_DIRECT_OBJC_ISA_USAGE = YES_ERROR;
				CLANG_WARN_DOCUMENTATION_COMMENTS = YES;
				CLANG_WARN_EMPTY_BODY = YES;
				CLANG_WARN_ENUM_CONVERSION = YES;
				CLANG_WARN_INFINITE_RECURSION = YES;
				CLANG_WARN_INT_CONVERSION = YES;
				CLANG_WARN_NON_LITERAL_NULL_CONVERSION = YES;
				CLANG_WARN_OBJC_IMPLICIT_RETAIN_SELF = YES;
				CLANG_WARN_OBJC_LITERAL_CONVERSION = YES;
				CLANG_WARN_OBJC_ROOT_CLASS = YES_ERROR;
				CLANG_WARN_QUOTED_INCLUDE_IN_FRAMEWORK_HEADER = YES;
				CLANG_WARN_RANGE_LOOP_ANALYSIS = YES;
				CLANG_WARN_STRICT_PROTOTYPES = YES;
				CLANG_WARN_SUSPICIOUS_MOVE = YES;
				CLANG_WARN_UNGUARDED_AVAILABILITY = YES_AGGRESSIVE;
				CLANG_WARN_UNREACHABLE_CODE = YES;
				CLANG_WARN__DUPLICATE_METHOD_MATCH = YES;
				COPY_PHASE_STRIP = NO;
				DEBUG_INFORMATION_FORMAT = "dwarf-with-dsym";
				ENABLE_NS_ASSERTIONS = NO;
				ENABLE_STRICT_OBJC_MSGSEND = YES;
				ENABLE_USER_SCRIPT_SANDBOXING = YES;
				GCC_C_LANGUAGE_STANDARD = gnu11;
				GCC_NO_COMMON_BLOCKS = YES;
				GCC_WARN_64_TO_32_BIT_CONVERSION = YES;
				GCC_WARN_ABOUT_RETURN_TYPE = YES_ERROR;
				GCC_WARN_UNDECLARED_SELECTOR = YES;
				GCC_WARN_UNINITIALIZED_AUTOS = YES_AGGRESSIVE;
				GCC_WARN_UNUSED_FUNCTION = YES;
				GCC_WARN_UNUSED_VARIABLE = YES;
				IPHONEOS_DEPLOYMENT_TARGET = 16.4;
				MTL_ENABLE_DEBUG_INFO = NO;
				MTL_FAST_MATH = YES;
				SDKROOT = iphoneos;
				SWIFT_COMPILATION_MODE = wholemodule;
				SWIFT_OPTIMIZATION_LEVEL = "-O";
				VALIDATE_PRODUCT = YES;
			};
			name = Release;
		};
		599E190C2A08F57B004AAE57 /* Debug */ = {
			isa = XCBuildConfiguration;
			buildSettings = {
				ASSETCATALOG_COMPILER_APPICON_NAME = AppIcon;
				ASSETCATALOG_COMPILER_GLOBAL_ACCENT_COLOR_NAME = AccentColor;
				CODE_SIGN_ENTITLEMENTS = BluesnapSDKExample/BluesnapSDKExample.entitlements;
				CODE_SIGN_IDENTITY = "Apple Development";
				CODE_SIGN_STYLE = Automatic;
				CURRENT_PROJECT_VERSION = 1;
				DEVELOPMENT_TEAM = Y4QV353VPQ;
				GENERATE_INFOPLIST_FILE = YES;
				INFOPLIST_FILE = BluesnapSDKExample/Info.plist;
				INFOPLIST_KEY_UIApplicationSupportsIndirectInputEvents = YES;
				INFOPLIST_KEY_UILaunchStoryboardName = LaunchScreen;
				INFOPLIST_KEY_UIMainStoryboardFile = Main;
				INFOPLIST_KEY_UISupportedInterfaceOrientations_iPad = "UIInterfaceOrientationPortrait UIInterfaceOrientationPortraitUpsideDown UIInterfaceOrientationLandscapeLeft UIInterfaceOrientationLandscapeRight";
				INFOPLIST_KEY_UISupportedInterfaceOrientations_iPhone = "UIInterfaceOrientationPortrait UIInterfaceOrientationLandscapeLeft UIInterfaceOrientationLandscapeRight";
				IPHONEOS_DEPLOYMENT_TARGET = 16.0;
				LD_RUNPATH_SEARCH_PATHS = (
					"$(inherited)",
					"@executable_path/Frameworks",
				);
				MARKETING_VERSION = 1.0;
				PRODUCT_BUNDLE_IDENTIFIER = "com.bluesnap.bluesnap-example";
				PRODUCT_NAME = "$(TARGET_NAME)";
				PROVISIONING_PROFILE_SPECIFIER = "";
				SUPPORTED_PLATFORMS = "iphoneos iphonesimulator";
				SUPPORTS_MACCATALYST = NO;
				SUPPORTS_MAC_DESIGNED_FOR_IPHONE_IPAD = NO;
				SWIFT_EMIT_LOC_STRINGS = YES;
				SWIFT_VERSION = 5.0;
				TARGETED_DEVICE_FAMILY = "1,2";
			};
			name = Debug;
		};
		599E190D2A08F57B004AAE57 /* Release */ = {
			isa = XCBuildConfiguration;
			buildSettings = {
				ASSETCATALOG_COMPILER_APPICON_NAME = AppIcon;
				ASSETCATALOG_COMPILER_GLOBAL_ACCENT_COLOR_NAME = AccentColor;
				CODE_SIGN_ENTITLEMENTS = BluesnapSDKExample/BluesnapSDKExample.entitlements;
				CODE_SIGN_IDENTITY = "Apple Development";
				CODE_SIGN_STYLE = Automatic;
				CURRENT_PROJECT_VERSION = 1;
				DEVELOPMENT_TEAM = Y4QV353VPQ;
				GENERATE_INFOPLIST_FILE = YES;
				INFOPLIST_FILE = BluesnapSDKExample/Info.plist;
				INFOPLIST_KEY_UIApplicationSupportsIndirectInputEvents = YES;
				INFOPLIST_KEY_UILaunchStoryboardName = LaunchScreen;
				INFOPLIST_KEY_UIMainStoryboardFile = Main;
				INFOPLIST_KEY_UISupportedInterfaceOrientations_iPad = "UIInterfaceOrientationPortrait UIInterfaceOrientationPortraitUpsideDown UIInterfaceOrientationLandscapeLeft UIInterfaceOrientationLandscapeRight";
				INFOPLIST_KEY_UISupportedInterfaceOrientations_iPhone = "UIInterfaceOrientationPortrait UIInterfaceOrientationLandscapeLeft UIInterfaceOrientationLandscapeRight";
				IPHONEOS_DEPLOYMENT_TARGET = 16.0;
				LD_RUNPATH_SEARCH_PATHS = (
					"$(inherited)",
					"@executable_path/Frameworks",
				);
				MARKETING_VERSION = 1.0;
				PRODUCT_BUNDLE_IDENTIFIER = "com.bluesnap.bluesnap-example";
				PRODUCT_NAME = "$(TARGET_NAME)";
				PROVISIONING_PROFILE_SPECIFIER = "";
				SUPPORTED_PLATFORMS = "iphoneos iphonesimulator";
				SUPPORTS_MACCATALYST = NO;
				SUPPORTS_MAC_DESIGNED_FOR_IPHONE_IPAD = NO;
				SWIFT_EMIT_LOC_STRINGS = YES;
				SWIFT_VERSION = 5.0;
				TARGETED_DEVICE_FAMILY = "1,2";
			};
			name = Release;
		};
		599E193B2A091BE3004AAE57 /* Debug */ = {
			isa = XCBuildConfiguration;
			buildSettings = {
				CLANG_ENABLE_MODULES = YES;
				CODE_SIGN_STYLE = Automatic;
				CURRENT_PROJECT_VERSION = 1;
				DEVELOPMENT_TEAM = 666F768P5J;
				GENERATE_INFOPLIST_FILE = YES;
				MARKETING_VERSION = 1.0;
				PRODUCT_BUNDLE_IDENTIFIER = com.cracksoftware.BluesnapSDKExampleUITests;
				PRODUCT_NAME = "$(TARGET_NAME)";
				SWIFT_EMIT_LOC_STRINGS = NO;
				SWIFT_OBJC_BRIDGING_HEADER = "BluesnapSDKExampleUITests/BluesnapSDKExampleUITests-Bridging-Header.h";
				SWIFT_OPTIMIZATION_LEVEL = "-Onone";
				SWIFT_VERSION = 5.0;
				TARGETED_DEVICE_FAMILY = "1,2";
				TEST_TARGET_NAME = BluesnapSDKExample;
			};
			name = Debug;
		};
		599E193C2A091BE3004AAE57 /* Release */ = {
			isa = XCBuildConfiguration;
			buildSettings = {
				CLANG_ENABLE_MODULES = YES;
				CODE_SIGN_STYLE = Automatic;
				CURRENT_PROJECT_VERSION = 1;
				DEVELOPMENT_TEAM = 666F768P5J;
				GENERATE_INFOPLIST_FILE = YES;
				MARKETING_VERSION = 1.0;
				PRODUCT_BUNDLE_IDENTIFIER = com.cracksoftware.BluesnapSDKExampleUITests;
				PRODUCT_NAME = "$(TARGET_NAME)";
				SWIFT_EMIT_LOC_STRINGS = NO;
				SWIFT_OBJC_BRIDGING_HEADER = "BluesnapSDKExampleUITests/BluesnapSDKExampleUITests-Bridging-Header.h";
				SWIFT_VERSION = 5.0;
				TARGETED_DEVICE_FAMILY = "1,2";
				TEST_TARGET_NAME = BluesnapSDKExample;
			};
			name = Release;
		};
/* End XCBuildConfiguration section */

/* Begin XCConfigurationList section */
		599E18F22A08F57A004AAE57 /* Build configuration list for PBXProject "BluesnapSDKExample" */ = {
			isa = XCConfigurationList;
			buildConfigurations = (
				599E19092A08F57B004AAE57 /* Debug */,
				599E190A2A08F57B004AAE57 /* Release */,
			);
			defaultConfigurationIsVisible = 0;
			defaultConfigurationName = Release;
		};
		599E190B2A08F57B004AAE57 /* Build configuration list for PBXNativeTarget "BluesnapSDKExample" */ = {
			isa = XCConfigurationList;
			buildConfigurations = (
				599E190C2A08F57B004AAE57 /* Debug */,
				599E190D2A08F57B004AAE57 /* Release */,
			);
			defaultConfigurationIsVisible = 0;
			defaultConfigurationName = Release;
		};
		599E193D2A091BE3004AAE57 /* Build configuration list for PBXNativeTarget "BluesnapSDKExampleUITests" */ = {
			isa = XCConfigurationList;
			buildConfigurations = (
				599E193B2A091BE3004AAE57 /* Debug */,
				599E193C2A091BE3004AAE57 /* Release */,
			);
			defaultConfigurationIsVisible = 0;
			defaultConfigurationName = Release;
		};
/* End XCConfigurationList section */

/* Begin XCLocalSwiftPackageReference section */
		2D3574FD2B571F3800449881 /* XCLocalSwiftPackageReference ".." */ = {
			isa = XCLocalSwiftPackageReference;
			relativePath = ..;
		};
/* End XCLocalSwiftPackageReference section */

/* Begin XCSwiftPackageProductDependency section */
		2D3574FE2B571FD700449881 /* BluesnapSDK */ = {
			isa = XCSwiftPackageProductDependency;
			productName = BluesnapSDK;
		};
		2D3575002B571FD700449881 /* KountWrapper */ = {
			isa = XCSwiftPackageProductDependency;
			productName = KountWrapper;
		};
		599E190F2A08F77E004AAE57 /* BluesnapSDK */ = {
			isa = XCSwiftPackageProductDependency;
			productName = BluesnapSDK;
		};
		599E196E2A091F2E004AAE57 /* KountWrapper */ = {
			isa = XCSwiftPackageProductDependency;
			productName = KountWrapper;
		};
		599E19732A091FEA004AAE57 /* BluesnapSDK */ = {
			isa = XCSwiftPackageProductDependency;
			productName = BluesnapSDK;
		};
		599E19762A092087004AAE57 /* KountWrapper */ = {
			isa = XCSwiftPackageProductDependency;
			productName = KountWrapper;
		};
/* End XCSwiftPackageProductDependency section */
	};
	rootObject = 599E18EF2A08F57A004AAE57 /* Project object */;
}
